
Microsoft Visual Studio Solution File, Format Version 12.00
# Visual Studio Version 17
VisualStudioVersion = 17.1.32228.430
MinimumVisualStudioVersion = 10.0.40219.1
Project("{FAE04EC0-301F-11D3-BF4B-00C04F79EFBC}") = "Ex8-Recursividade", "Ex8-Recursividade\Ex8-Recursividade.csproj", "{E57AABFF-7637-48E3-BB1A-2142B5517B8D}"
EndProject
Global
	GlobalSection(SolutionConfigurationPlatforms) = preSolution
		Debug|Any CPU = Debug|Any CPU
		Release|Any CPU = Release|Any CPU
	EndGlobalSection
	GlobalSection(ProjectConfigurationPlatforms) = postSolution
		{E57AABFF-7637-48E3-BB1A-2142B5517B8D}.Debug|Any CPU.ActiveCfg = Debug|Any CPU
		{E57AABFF-7637-48E3-BB1A-2142B5517B8D}.Debug|Any CPU.Build.0 = Debug|Any CPU
		{E57AABFF-7637-48E3-BB1A-2142B5517B8D}.Release|Any CPU.ActiveCfg = Release|Any CPU
		{E57AABFF-7637-48E3-BB1A-2142B5517B8D}.Release|Any CPU.Build.0 = Release|Any CPU
	EndGlobalSection
	GlobalSection(SolutionProperties) = preSolution
		HideSolutionNode = FALSE
	EndGlobalSection
	GlobalSection(ExtensibilityGlobals) = postSolution
		SolutionGuid = {7D85687B-1EF1-46FE-89D1-F959B58E9196}
	EndGlobalSection
EndGlobal
