
Microsoft Visual Studio Solution File, Format Version 12.00
# Visual Studio Version 17
VisualStudioVersion = 17.2.32519.379
MinimumVisualStudioVersion = 10.0.40219.1
Project("{FAE04EC0-301F-11D3-BF4B-00C04F79EFBC}") = "ExercicioProposto2", "ExercicioProposto2\ExercicioProposto2.csproj", "{B3C5BC31-9E79-44FE-A5AD-C6C7497C22AE}"
EndProject
Global
	GlobalSection(SolutionConfigurationPlatforms) = preSolution
		Debug|Any CPU = Debug|Any CPU
		Release|Any CPU = Release|Any CPU
	EndGlobalSection
	GlobalSection(ProjectConfigurationPlatforms) = postSolution
		{B3C5BC31-9E79-44FE-A5AD-C6C7497C22AE}.Debug|Any CPU.ActiveCfg = Debug|Any CPU
		{B3C5BC31-9E79-44FE-A5AD-C6C7497C22AE}.Debug|Any CPU.Build.0 = Debug|Any CPU
		{B3C5BC31-9E79-44FE-A5AD-C6C7497C22AE}.Release|Any CPU.ActiveCfg = Release|Any CPU
		{B3C5BC31-9E79-44FE-A5AD-C6C7497C22AE}.Release|Any CPU.Build.0 = Release|Any CPU
	EndGlobalSection
	GlobalSection(SolutionProperties) = preSolution
		HideSolutionNode = FALSE
	EndGlobalSection
	GlobalSection(ExtensibilityGlobals) = postSolution
		SolutionGuid = {1BF074AC-9AFB-423B-95C1-3C523B168DDE}
	EndGlobalSection
EndGlobal
