
Microsoft Visual Studio Solution File, Format Version 12.00
# Visual Studio Version 17
VisualStudioVersion = 17.1.32228.430
MinimumVisualStudioVersion = 10.0.40219.1
Project("{FAE04EC0-301F-11D3-BF4B-00C04F79EFBC}") = "Ex18", "Ex18\Ex18.csproj", "{DB5E9760-2402-476C-A7C9-BA8551F5AFD5}"
EndProject
Global
	GlobalSection(SolutionConfigurationPlatforms) = preSolution
		Debug|Any CPU = Debug|Any CPU
		Release|Any CPU = Release|Any CPU
	EndGlobalSection
	GlobalSection(ProjectConfigurationPlatforms) = postSolution
		{DB5E9760-2402-476C-A7C9-BA8551F5AFD5}.Debug|Any CPU.ActiveCfg = Debug|Any CPU
		{DB5E9760-2402-476C-A7C9-BA8551F5AFD5}.Debug|Any CPU.Build.0 = Debug|Any CPU
		{DB5E9760-2402-476C-A7C9-BA8551F5AFD5}.Release|Any CPU.ActiveCfg = Release|Any CPU
		{DB5E9760-2402-476C-A7C9-BA8551F5AFD5}.Release|Any CPU.Build.0 = Release|Any CPU
	EndGlobalSection
	GlobalSection(SolutionProperties) = preSolution
		HideSolutionNode = FALSE
	EndGlobalSection
	GlobalSection(ExtensibilityGlobals) = postSolution
		SolutionGuid = {C0D685CA-942A-43E2-95CD-A329673517BD}
	EndGlobalSection
EndGlobal
