
Microsoft Visual Studio Solution File, Format Version 12.00
# Visual Studio Version 17
VisualStudioVersion = 17.1.32228.430
MinimumVisualStudioVersion = 10.0.40219.1
Project("{FAE04EC0-301F-11D3-BF4B-00C04F79EFBC}") = "TAD - Ex2", "TAD - Ex2\TAD - Ex2.csproj", "{6FC53A99-AECA-4B5C-89C3-D640CF77ED31}"
EndProject
Global
	GlobalSection(SolutionConfigurationPlatforms) = preSolution
		Debug|Any CPU = Debug|Any CPU
		Release|Any CPU = Release|Any CPU
	EndGlobalSection
	GlobalSection(ProjectConfigurationPlatforms) = postSolution
		{6FC53A99-AECA-4B5C-89C3-D640CF77ED31}.Debug|Any CPU.ActiveCfg = Debug|Any CPU
		{6FC53A99-AECA-4B5C-89C3-D640CF77ED31}.Debug|Any CPU.Build.0 = Debug|Any CPU
		{6FC53A99-AECA-4B5C-89C3-D640CF77ED31}.Release|Any CPU.ActiveCfg = Release|Any CPU
		{6FC53A99-AECA-4B5C-89C3-D640CF77ED31}.Release|Any CPU.Build.0 = Release|Any CPU
	EndGlobalSection
	GlobalSection(SolutionProperties) = preSolution
		HideSolutionNode = FALSE
	EndGlobalSection
	GlobalSection(ExtensibilityGlobals) = postSolution
		SolutionGuid = {DE21C6F6-CE78-4698-AD16-F5EB7E1F99E0}
	EndGlobalSection
EndGlobal
