
Microsoft Visual Studio Solution File, Format Version 12.00
# Visual Studio Version 17
VisualStudioVersion = 17.4.33110.190
MinimumVisualStudioVersion = 10.0.40219.1
Project("{FAE04EC0-301F-11D3-BF4B-00C04F79EFBC}") = "JogoDaVelha_ArthurLima", "JogoDaVelha_ArthurLima\JogoDaVelha_ArthurLima.csproj", "{DFFFD78A-439D-46D7-BB81-694EBD8980E6}"
EndProject
Global
	GlobalSection(SolutionConfigurationPlatforms) = preSolution
		Debug|Any CPU = Debug|Any CPU
		Release|Any CPU = Release|Any CPU
	EndGlobalSection
	GlobalSection(ProjectConfigurationPlatforms) = postSolution
		{DFFFD78A-439D-46D7-BB81-694EBD8980E6}.Debug|Any CPU.ActiveCfg = Debug|Any CPU
		{DFFFD78A-439D-46D7-BB81-694EBD8980E6}.Debug|Any CPU.Build.0 = Debug|Any CPU
		{DFFFD78A-439D-46D7-BB81-694EBD8980E6}.Release|Any CPU.ActiveCfg = Release|Any CPU
		{DFFFD78A-439D-46D7-BB81-694EBD8980E6}.Release|Any CPU.Build.0 = Release|Any CPU
	EndGlobalSection
	GlobalSection(SolutionProperties) = preSolution
		HideSolutionNode = FALSE
	EndGlobalSection
	GlobalSection(ExtensibilityGlobals) = postSolution
		SolutionGuid = {C53663FF-0C5A-455B-9A0D-D6181AD8C398}
	EndGlobalSection
EndGlobal
